// !$*UTF8*$!
{
	archiveVersion = 1;
	classes = {
	};
	objectVersion = 50;
	objects = {

/* Begin PBXBuildFile section */
		DE03AD4B24BA5BD100493335 /* AnyWrapper.swift in Sources */ = {isa = PBXBuildFile; fileRef = DE03AD4A24BA5BD100493335 /* AnyWrapper.swift */; };
		DE03AD4F24BB060D00493335 /* WorldBox.swift in Sources */ = {isa = PBXBuildFile; fileRef = DE03AD4E24BB060D00493335 /* WorldBox.swift */; };
		DE03AD5224BB0FDF00493335 /* SKNode+UserDataUtils.swift in Sources */ = {isa = PBXBuildFile; fileRef = DE03AD5124BB0FDF00493335 /* SKNode+UserDataUtils.swift */; };
		DE2C7C5524BF349E0051225D /* AttackAction.swift in Sources */ = {isa = PBXBuildFile; fileRef = DE2C7C5424BF349E0051225D /* AttackAction.swift */; };
		DE2C7C5724BF35B50051225D /* HealthComponent.swift in Sources */ = {isa = PBXBuildFile; fileRef = DE2C7C5624BF35B50051225D /* HealthComponent.swift */; };
		DE5090E124BDCE3E00B02320 /* Action.swift in Sources */ = {isa = PBXBuildFile; fileRef = DE5090E024BDCE3E00B02320 /* Action.swift */; };
		DE5090E324BDD04600B02320 /* ActionComponent.swift in Sources */ = {isa = PBXBuildFile; fileRef = DE5090E224BDD04600B02320 /* ActionComponent.swift */; };
		DE5090E524BDD2DD00B02320 /* MoveAction.swift in Sources */ = {isa = PBXBuildFile; fileRef = DE5090E424BDD2DD00B02320 /* MoveAction.swift */; };
		DE62713624C983F60032F69C /* InventoryView.swift in Sources */ = {isa = PBXBuildFile; fileRef = DE62713524C983F60032F69C /* InventoryView.swift */; };
		DE63C28C24B84D24002058BA /* AppDelegate.swift in Sources */ = {isa = PBXBuildFile; fileRef = DE63C28B24B84D24002058BA /* AppDelegate.swift */; };
		DE63C28E24B84D24002058BA /* SceneDelegate.swift in Sources */ = {isa = PBXBuildFile; fileRef = DE63C28D24B84D24002058BA /* SceneDelegate.swift */; };
		DE63C29224B84D27002058BA /* Assets.xcassets in Resources */ = {isa = PBXBuildFile; fileRef = DE63C29124B84D27002058BA /* Assets.xcassets */; };
		DE63C29524B84D27002058BA /* Preview Assets.xcassets in Resources */ = {isa = PBXBuildFile; fileRef = DE63C29424B84D27002058BA /* Preview Assets.xcassets */; };
		DE63C29824B84D27002058BA /* LaunchScreen.storyboard in Resources */ = {isa = PBXBuildFile; fileRef = DE63C29624B84D27002058BA /* LaunchScreen.storyboard */; };
		DE63C2A324B84D27002058BA /* Roguelike_iOSTests.swift in Sources */ = {isa = PBXBuildFile; fileRef = DE63C2A224B84D27002058BA /* Roguelike_iOSTests.swift */; };
		DE63C2AF24B84D96002058BA /* MapController.swift in Sources */ = {isa = PBXBuildFile; fileRef = DE63C2AE24B84D96002058BA /* MapController.swift */; };
		DE63C2B124B84D9E002058BA /* GameScene.swift in Sources */ = {isa = PBXBuildFile; fileRef = DE63C2B024B84D9E002058BA /* GameScene.swift */; };
		DE63C2BB24B84DA7002058BA /* RLEntity.swift in Sources */ = {isa = PBXBuildFile; fileRef = DE63C2B324B84DA7002058BA /* RLEntity.swift */; };
		DE63C2BD24B84DA7002058BA /* VisibilityComponent.swift in Sources */ = {isa = PBXBuildFile; fileRef = DE63C2B624B84DA7002058BA /* VisibilityComponent.swift */; };
		DE63C2BF24B84DA7002058BA /* WorldBuilder.swift in Sources */ = {isa = PBXBuildFile; fileRef = DE63C2B824B84DA7002058BA /* WorldBuilder.swift */; };
		DE63C2C024B84DA7002058BA /* World.swift in Sources */ = {isa = PBXBuildFile; fileRef = DE63C2B924B84DA7002058BA /* World.swift */; };
		DE63C2C124B84DA7002058BA /* Coord.swift in Sources */ = {isa = PBXBuildFile; fileRef = DE63C2BA24B84DA7002058BA /* Coord.swift */; };
		DE63C2C324B84DAE002058BA /* RLSprites.swift in Sources */ = {isa = PBXBuildFile; fileRef = DE63C2C224B84DAE002058BA /* RLSprites.swift */; };
		DE63C2C924B84DBC002058BA /* Constants.swift in Sources */ = {isa = PBXBuildFile; fileRef = DE63C2C424B84DBC002058BA /* Constants.swift */; };
		DE63C2CA24B84DBC002058BA /* SpriteKitView.swift in Sources */ = {isa = PBXBuildFile; fileRef = DE63C2C624B84DBC002058BA /* SpriteKitView.swift */; };
		DE63C2CB24B84DBC002058BA /* ConsoleWindowView.swift in Sources */ = {isa = PBXBuildFile; fileRef = DE63C2C724B84DBC002058BA /* ConsoleWindowView.swift */; };
		DE63C2CC24B84DBC002058BA /* ContentView.swift in Sources */ = {isa = PBXBuildFile; fileRef = DE63C2C824B84DBC002058BA /* ContentView.swift */; };
		DE63C2D024B84F87002058BA /* PlayerStatisticsView.swift in Sources */ = {isa = PBXBuildFile; fileRef = DE63C2CF24B84F87002058BA /* PlayerStatisticsView.swift */; };
		DE6E984E24C2D65A006EBFFB /* FXController.swift in Sources */ = {isa = PBXBuildFile; fileRef = DE6E984D24C2D65A006EBFFB /* FXController.swift */; };
		DE6E987624C47B98006EBFFB /* LensController.swift in Sources */ = {isa = PBXBuildFile; fileRef = DE6E987524C47B98006EBFFB /* LensController.swift */; };
		DE6E987824C4D878006EBFFB /* ActionTests.swift in Sources */ = {isa = PBXBuildFile; fileRef = DE6E987724C4D878006EBFFB /* ActionTests.swift */; };
		DE6E987A24C5A582006EBFFB /* StatsComponent.swift in Sources */ = {isa = PBXBuildFile; fileRef = DE6E987924C5A582006EBFFB /* StatsComponent.swift */; };
		DE6E987C24C781E7006EBFFB /* ComponentTests.swift in Sources */ = {isa = PBXBuildFile; fileRef = DE6E987B24C781E7006EBFFB /* ComponentTests.swift */; };
		DE6E987E24C78372006EBFFB /* WorldTests.swift in Sources */ = {isa = PBXBuildFile; fileRef = DE6E987D24C78372006EBFFB /* WorldTests.swift */; };
		DE6E988024C83C0A006EBFFB /* SpendStatPointAction.swift in Sources */ = {isa = PBXBuildFile; fileRef = DE6E987F24C83C0A006EBFFB /* SpendStatPointAction.swift */; };
		DE70122724BDF88D002F7481 /* WaitAction.swift in Sources */ = {isa = PBXBuildFile; fileRef = DE70122624BDF88D002F7481 /* WaitAction.swift */; };
		DEB34CC324CC7189001C3721 /* InventoryComponent.swift in Sources */ = {isa = PBXBuildFile; fileRef = DEB34CC224CC7189001C3721 /* InventoryComponent.swift */; };
		DEB34CC524CC71B3001C3721 /* Item.swift in Sources */ = {isa = PBXBuildFile; fileRef = DEB34CC424CC71B3001C3721 /* Item.swift */; };
		DEB34CC724CCA702001C3721 /* ConsumableEffectComponent.swift in Sources */ = {isa = PBXBuildFile; fileRef = DEB34CC624CCA702001C3721 /* ConsumableEffectComponent.swift */; };
		DEB34CC924CCCA1D001C3721 /* AnyWrapperTests.swift in Sources */ = {isa = PBXBuildFile; fileRef = DEB34CC824CCCA1D001C3721 /* AnyWrapperTests.swift */; };
		DEB7ECBB24C96C1100052669 /* SpendStatPointsView.swift in Sources */ = {isa = PBXBuildFile; fileRef = DEB7ECBA24C96C1100052669 /* SpendStatPointsView.swift */; };
		DEBABCD024CD817E0039DC7A /* PickupItemAction.swift in Sources */ = {isa = PBXBuildFile; fileRef = DEBABCCF24CD817E0039DC7A /* PickupItemAction.swift */; };
		DEBABCD224CDCDBA0039DC7A /* ConsumeFromInventoryAction.swift in Sources */ = {isa = PBXBuildFile; fileRef = DEBABCD124CDCDBA0039DC7A /* ConsumeFromInventoryAction.swift */; };
		DEBABCD524CE20810039DC7A /* EventSystem.swift in Sources */ = {isa = PBXBuildFile; fileRef = DEBABCD424CE20810039DC7A /* EventSystem.swift */; };
		DEBCA90324C9DC1B0080B630 /* Roguelike_lv01.m4a in Resources */ = {isa = PBXBuildFile; fileRef = DEBCA90224C9DBE30080B630 /* Roguelike_lv01.m4a */; };
		DEEFEF6E24BB26F400C59126 /* SpriteUIHandler.swift in Sources */ = {isa = PBXBuildFile; fileRef = DEEFEF6D24BB26F400C59126 /* SpriteUIHandler.swift */; };
		DEEFEF7024BB9BC400C59126 /* AttackComponent.swift in Sources */ = {isa = PBXBuildFile; fileRef = DEEFEF6F24BB9BC400C59126 /* AttackComponent.swift */; };
		DEEFEF7224BC943000C59126 /* ActionsView.swift in Sources */ = {isa = PBXBuildFile; fileRef = DEEFEF7124BC943000C59126 /* ActionsView.swift */; };
/* End PBXBuildFile section */

/* Begin PBXContainerItemProxy section */
		DE63C29F24B84D27002058BA /* PBXContainerItemProxy */ = {
			isa = PBXContainerItemProxy;
			containerPortal = DE63C28024B84D24002058BA /* Project object */;
			proxyType = 1;
			remoteGlobalIDString = DE63C28724B84D24002058BA;
			remoteInfo = Roguelike_iOS;
		};
/* End PBXContainerItemProxy section */

/* Begin PBXFileReference section */
		DE03AD4A24BA5BD100493335 /* AnyWrapper.swift */ = {isa = PBXFileReference; lastKnownFileType = sourcecode.swift; path = AnyWrapper.swift; sourceTree = "<group>"; };
		DE03AD4E24BB060D00493335 /* WorldBox.swift */ = {isa = PBXFileReference; lastKnownFileType = sourcecode.swift; path = WorldBox.swift; sourceTree = "<group>"; };
		DE03AD5124BB0FDF00493335 /* SKNode+UserDataUtils.swift */ = {isa = PBXFileReference; lastKnownFileType = sourcecode.swift; path = "SKNode+UserDataUtils.swift"; sourceTree = "<group>"; };
		DE2C7C5424BF349E0051225D /* AttackAction.swift */ = {isa = PBXFileReference; lastKnownFileType = sourcecode.swift; path = AttackAction.swift; sourceTree = "<group>"; };
		DE2C7C5624BF35B50051225D /* HealthComponent.swift */ = {isa = PBXFileReference; lastKnownFileType = sourcecode.swift; path = HealthComponent.swift; sourceTree = "<group>"; };
		DE5090E024BDCE3E00B02320 /* Action.swift */ = {isa = PBXFileReference; lastKnownFileType = sourcecode.swift; path = Action.swift; sourceTree = "<group>"; };
		DE5090E224BDD04600B02320 /* ActionComponent.swift */ = {isa = PBXFileReference; lastKnownFileType = sourcecode.swift; path = ActionComponent.swift; sourceTree = "<group>"; };
		DE5090E424BDD2DD00B02320 /* MoveAction.swift */ = {isa = PBXFileReference; lastKnownFileType = sourcecode.swift; path = MoveAction.swift; sourceTree = "<group>"; };
		DE62713524C983F60032F69C /* InventoryView.swift */ = {isa = PBXFileReference; lastKnownFileType = sourcecode.swift; path = InventoryView.swift; sourceTree = "<group>"; };
		DE63C28824B84D24002058BA /* Roguelike_iOS.app */ = {isa = PBXFileReference; explicitFileType = wrapper.application; includeInIndex = 0; path = Roguelike_iOS.app; sourceTree = BUILT_PRODUCTS_DIR; };
		DE63C28B24B84D24002058BA /* AppDelegate.swift */ = {isa = PBXFileReference; lastKnownFileType = sourcecode.swift; path = AppDelegate.swift; sourceTree = "<group>"; };
		DE63C28D24B84D24002058BA /* SceneDelegate.swift */ = {isa = PBXFileReference; lastKnownFileType = sourcecode.swift; path = SceneDelegate.swift; sourceTree = "<group>"; };
		DE63C29124B84D27002058BA /* Assets.xcassets */ = {isa = PBXFileReference; lastKnownFileType = folder.assetcatalog; path = Assets.xcassets; sourceTree = "<group>"; };
		DE63C29424B84D27002058BA /* Preview Assets.xcassets */ = {isa = PBXFileReference; lastKnownFileType = folder.assetcatalog; path = "Preview Assets.xcassets"; sourceTree = "<group>"; };
		DE63C29724B84D27002058BA /* Base */ = {isa = PBXFileReference; lastKnownFileType = file.storyboard; name = Base; path = Base.lproj/LaunchScreen.storyboard; sourceTree = "<group>"; };
		DE63C29924B84D27002058BA /* Info.plist */ = {isa = PBXFileReference; lastKnownFileType = text.plist.xml; path = Info.plist; sourceTree = "<group>"; };
		DE63C29E24B84D27002058BA /* Roguelike_iOSTests.xctest */ = {isa = PBXFileReference; explicitFileType = wrapper.cfbundle; includeInIndex = 0; path = Roguelike_iOSTests.xctest; sourceTree = BUILT_PRODUCTS_DIR; };
		DE63C2A224B84D27002058BA /* Roguelike_iOSTests.swift */ = {isa = PBXFileReference; lastKnownFileType = sourcecode.swift; path = Roguelike_iOSTests.swift; sourceTree = "<group>"; };
		DE63C2A424B84D27002058BA /* Info.plist */ = {isa = PBXFileReference; lastKnownFileType = text.plist.xml; path = Info.plist; sourceTree = "<group>"; };
		DE63C2AE24B84D96002058BA /* MapController.swift */ = {isa = PBXFileReference; fileEncoding = 4; lastKnownFileType = sourcecode.swift; path = MapController.swift; sourceTree = "<group>"; };
		DE63C2B024B84D9E002058BA /* GameScene.swift */ = {isa = PBXFileReference; fileEncoding = 4; lastKnownFileType = sourcecode.swift; path = GameScene.swift; sourceTree = "<group>"; };
		DE63C2B324B84DA7002058BA /* RLEntity.swift */ = {isa = PBXFileReference; fileEncoding = 4; lastKnownFileType = sourcecode.swift; path = RLEntity.swift; sourceTree = "<group>"; };
		DE63C2B624B84DA7002058BA /* VisibilityComponent.swift */ = {isa = PBXFileReference; fileEncoding = 4; lastKnownFileType = sourcecode.swift; path = VisibilityComponent.swift; sourceTree = "<group>"; };
		DE63C2B824B84DA7002058BA /* WorldBuilder.swift */ = {isa = PBXFileReference; fileEncoding = 4; lastKnownFileType = sourcecode.swift; path = WorldBuilder.swift; sourceTree = "<group>"; };
		DE63C2B924B84DA7002058BA /* World.swift */ = {isa = PBXFileReference; fileEncoding = 4; lastKnownFileType = sourcecode.swift; path = World.swift; sourceTree = "<group>"; };
		DE63C2BA24B84DA7002058BA /* Coord.swift */ = {isa = PBXFileReference; fileEncoding = 4; lastKnownFileType = sourcecode.swift; path = Coord.swift; sourceTree = "<group>"; };
		DE63C2C224B84DAE002058BA /* RLSprites.swift */ = {isa = PBXFileReference; fileEncoding = 4; lastKnownFileType = sourcecode.swift; path = RLSprites.swift; sourceTree = "<group>"; };
		DE63C2C424B84DBC002058BA /* Constants.swift */ = {isa = PBXFileReference; fileEncoding = 4; lastKnownFileType = sourcecode.swift; path = Constants.swift; sourceTree = "<group>"; };
		DE63C2C624B84DBC002058BA /* SpriteKitView.swift */ = {isa = PBXFileReference; fileEncoding = 4; lastKnownFileType = sourcecode.swift; path = SpriteKitView.swift; sourceTree = "<group>"; };
		DE63C2C724B84DBC002058BA /* ConsoleWindowView.swift */ = {isa = PBXFileReference; fileEncoding = 4; lastKnownFileType = sourcecode.swift; path = ConsoleWindowView.swift; sourceTree = "<group>"; };
		DE63C2C824B84DBC002058BA /* ContentView.swift */ = {isa = PBXFileReference; fileEncoding = 4; lastKnownFileType = sourcecode.swift; path = ContentView.swift; sourceTree = "<group>"; };
		DE63C2CF24B84F87002058BA /* PlayerStatisticsView.swift */ = {isa = PBXFileReference; lastKnownFileType = sourcecode.swift; path = PlayerStatisticsView.swift; sourceTree = "<group>"; };
		DE6E984D24C2D65A006EBFFB /* FXController.swift */ = {isa = PBXFileReference; lastKnownFileType = sourcecode.swift; path = FXController.swift; sourceTree = "<group>"; };
		DE6E987524C47B98006EBFFB /* LensController.swift */ = {isa = PBXFileReference; lastKnownFileType = sourcecode.swift; path = LensController.swift; sourceTree = "<group>"; };
		DE6E987724C4D878006EBFFB /* ActionTests.swift */ = {isa = PBXFileReference; lastKnownFileType = sourcecode.swift; path = ActionTests.swift; sourceTree = "<group>"; };
		DE6E987924C5A582006EBFFB /* StatsComponent.swift */ = {isa = PBXFileReference; lastKnownFileType = sourcecode.swift; path = StatsComponent.swift; sourceTree = "<group>"; };
		DE6E987B24C781E7006EBFFB /* ComponentTests.swift */ = {isa = PBXFileReference; lastKnownFileType = sourcecode.swift; path = ComponentTests.swift; sourceTree = "<group>"; };
		DE6E987D24C78372006EBFFB /* WorldTests.swift */ = {isa = PBXFileReference; lastKnownFileType = sourcecode.swift; path = WorldTests.swift; sourceTree = "<group>"; };
		DE6E987F24C83C0A006EBFFB /* SpendStatPointAction.swift */ = {isa = PBXFileReference; lastKnownFileType = sourcecode.swift; path = SpendStatPointAction.swift; sourceTree = "<group>"; };
		DE70122624BDF88D002F7481 /* WaitAction.swift */ = {isa = PBXFileReference; lastKnownFileType = sourcecode.swift; path = WaitAction.swift; sourceTree = "<group>"; };
		DEB34CC224CC7189001C3721 /* InventoryComponent.swift */ = {isa = PBXFileReference; lastKnownFileType = sourcecode.swift; path = InventoryComponent.swift; sourceTree = "<group>"; };
		DEB34CC424CC71B3001C3721 /* Item.swift */ = {isa = PBXFileReference; lastKnownFileType = sourcecode.swift; path = Item.swift; sourceTree = "<group>"; };
		DEB34CC624CCA702001C3721 /* ConsumableEffectComponent.swift */ = {isa = PBXFileReference; lastKnownFileType = sourcecode.swift; path = ConsumableEffectComponent.swift; sourceTree = "<group>"; };
		DEB34CC824CCCA1D001C3721 /* AnyWrapperTests.swift */ = {isa = PBXFileReference; lastKnownFileType = sourcecode.swift; path = AnyWrapperTests.swift; sourceTree = "<group>"; };
		DEB7ECBA24C96C1100052669 /* SpendStatPointsView.swift */ = {isa = PBXFileReference; lastKnownFileType = sourcecode.swift; path = SpendStatPointsView.swift; sourceTree = "<group>"; };
		DEBABCCF24CD817E0039DC7A /* PickupItemAction.swift */ = {isa = PBXFileReference; lastKnownFileType = sourcecode.swift; path = PickupItemAction.swift; sourceTree = "<group>"; };
		DEBABCD124CDCDBA0039DC7A /* ConsumeFromInventoryAction.swift */ = {isa = PBXFileReference; lastKnownFileType = sourcecode.swift; path = ConsumeFromInventoryAction.swift; sourceTree = "<group>"; };
		DEBABCD424CE20810039DC7A /* EventSystem.swift */ = {isa = PBXFileReference; lastKnownFileType = sourcecode.swift; path = EventSystem.swift; sourceTree = "<group>"; };
		DEBCA90224C9DBE30080B630 /* Roguelike_lv01.m4a */ = {isa = PBXFileReference; lastKnownFileType = file; name = Roguelike_lv01.m4a; path = Assets/Roguelike_lv01.m4a; sourceTree = SOURCE_ROOT; };
		DEEFEF6D24BB26F400C59126 /* SpriteUIHandler.swift */ = {isa = PBXFileReference; lastKnownFileType = sourcecode.swift; path = SpriteUIHandler.swift; sourceTree = "<group>"; };
		DEEFEF6F24BB9BC400C59126 /* AttackComponent.swift */ = {isa = PBXFileReference; lastKnownFileType = sourcecode.swift; path = AttackComponent.swift; sourceTree = "<group>"; };
		DEEFEF7124BC943000C59126 /* ActionsView.swift */ = {isa = PBXFileReference; lastKnownFileType = sourcecode.swift; path = ActionsView.swift; sourceTree = "<group>"; };
/* End PBXFileReference section */

/* Begin PBXFrameworksBuildPhase section */
		DE63C28524B84D24002058BA /* Frameworks */ = {
			isa = PBXFrameworksBuildPhase;
			buildActionMask = 2147483647;
			files = (
			);
			runOnlyForDeploymentPostprocessing = 0;
		};
		DE63C29B24B84D27002058BA /* Frameworks */ = {
			isa = PBXFrameworksBuildPhase;
			buildActionMask = 2147483647;
			files = (
			);
			runOnlyForDeploymentPostprocessing = 0;
		};
/* End PBXFrameworksBuildPhase section */

/* Begin PBXGroup section */
		DE03AD5024BB0FCA00493335 /* Views */ = {
			isa = PBXGroup;
			children = (
				DE63C2C224B84DAE002058BA /* RLSprites.swift */,
				DE03AD5124BB0FDF00493335 /* SKNode+UserDataUtils.swift */,
			);
			path = Views;
			sourceTree = "<group>";
		};
		DE5090E624BDD53D00B02320 /* Actions */ = {
			isa = PBXGroup;
			children = (
				DE5090E024BDCE3E00B02320 /* Action.swift */,
				DE5090E424BDD2DD00B02320 /* MoveAction.swift */,
				DE70122624BDF88D002F7481 /* WaitAction.swift */,
				DE2C7C5424BF349E0051225D /* AttackAction.swift */,
				DE6E987F24C83C0A006EBFFB /* SpendStatPointAction.swift */,
				DEBABCCF24CD817E0039DC7A /* PickupItemAction.swift */,
				DEBABCD124CDCDBA0039DC7A /* ConsumeFromInventoryAction.swift */,
			);
			path = Actions;
			sourceTree = "<group>";
		};
		DE63C27F24B84D24002058BA = {
			isa = PBXGroup;
			children = (
				DE63C28A24B84D24002058BA /* Roguelike_iOS */,
				DE63C2A124B84D27002058BA /* Roguelike_iOSTests */,
				DE63C28924B84D24002058BA /* Products */,
			);
			sourceTree = "<group>";
		};
		DE63C28924B84D24002058BA /* Products */ = {
			isa = PBXGroup;
			children = (
				DE63C28824B84D24002058BA /* Roguelike_iOS.app */,
				DE63C29E24B84D27002058BA /* Roguelike_iOSTests.xctest */,
			);
			name = Products;
			sourceTree = "<group>";
		};
		DE63C28A24B84D24002058BA /* Roguelike_iOS */ = {
			isa = PBXGroup;
			children = (
				DEB34CC124CB5139001C3721 /* SFX */,
				DEBCA90124C9DBD80080B630 /* Music */,
				DE03AD5024BB0FCA00493335 /* Views */,
				DE63C2CD24B84DD3002058BA /* _App */,
				DE63C2C524B84DBC002058BA /* UI */,
				DE63C2B224B84DA7002058BA /* Model */,
				DE63C2AD24B84D96002058BA /* Controllers */,
				DE63C2C424B84DBC002058BA /* Constants.swift */,
				DE63C2B024B84D9E002058BA /* GameScene.swift */,
				DE63C29124B84D27002058BA /* Assets.xcassets */,
				DE63C29924B84D27002058BA /* Info.plist */,
				DE63C29324B84D27002058BA /* Preview Content */,
			);
			path = Roguelike_iOS;
			sourceTree = "<group>";
		};
		DE63C29324B84D27002058BA /* Preview Content */ = {
			isa = PBXGroup;
			children = (
				DE63C29424B84D27002058BA /* Preview Assets.xcassets */,
			);
			path = "Preview Content";
			sourceTree = "<group>";
		};
		DE63C2A124B84D27002058BA /* Roguelike_iOSTests */ = {
			isa = PBXGroup;
			children = (
				DE6E987D24C78372006EBFFB /* WorldTests.swift */,
				DE63C2A224B84D27002058BA /* Roguelike_iOSTests.swift */,
				DE63C2A424B84D27002058BA /* Info.plist */,
				DE6E987724C4D878006EBFFB /* ActionTests.swift */,
				DE6E987B24C781E7006EBFFB /* ComponentTests.swift */,
				DEB34CC824CCCA1D001C3721 /* AnyWrapperTests.swift */,
			);
			path = Roguelike_iOSTests;
			sourceTree = "<group>";
		};
		DE63C2AD24B84D96002058BA /* Controllers */ = {
			isa = PBXGroup;
			children = (
				DE63C2AE24B84D96002058BA /* MapController.swift */,
				DEEFEF6D24BB26F400C59126 /* SpriteUIHandler.swift */,
				DE6E984D24C2D65A006EBFFB /* FXController.swift */,
				DE6E987524C47B98006EBFFB /* LensController.swift */,
			);
			path = Controllers;
			sourceTree = "<group>";
		};
		DE63C2B224B84DA7002058BA /* Model */ = {
			isa = PBXGroup;
			children = (
				DEBABCD324CE206A0039DC7A /* EventSystem */,
				DE5090E624BDD53D00B02320 /* Actions */,
				DE63C2B324B84DA7002058BA /* RLEntity.swift */,
				DE63C2B424B84DA7002058BA /* Components */,
				DE63C2B824B84DA7002058BA /* WorldBuilder.swift */,
				DE63C2B924B84DA7002058BA /* World.swift */,
				DE63C2BA24B84DA7002058BA /* Coord.swift */,
				DE03AD4A24BA5BD100493335 /* AnyWrapper.swift */,
				DE03AD4E24BB060D00493335 /* WorldBox.swift */,
				DEB34CC424CC71B3001C3721 /* Item.swift */,
			);
			path = Model;
			sourceTree = "<group>";
		};
		DE63C2B424B84DA7002058BA /* Components */ = {
			isa = PBXGroup;
			children = (
				DE63C2B624B84DA7002058BA /* VisibilityComponent.swift */,
				DEEFEF6F24BB9BC400C59126 /* AttackComponent.swift */,
				DE5090E224BDD04600B02320 /* ActionComponent.swift */,
				DE2C7C5624BF35B50051225D /* HealthComponent.swift */,
				DE6E987924C5A582006EBFFB /* StatsComponent.swift */,
				DEB34CC224CC7189001C3721 /* InventoryComponent.swift */,
				DEB34CC624CCA702001C3721 /* ConsumableEffectComponent.swift */,
			);
			path = Components;
			sourceTree = "<group>";
		};
		DE63C2C524B84DBC002058BA /* UI */ = {
			isa = PBXGroup;
			children = (
				DE63C2C824B84DBC002058BA /* ContentView.swift */,
				DE63C2C624B84DBC002058BA /* SpriteKitView.swift */,
				DE63C2C724B84DBC002058BA /* ConsoleWindowView.swift */,
				DE63C2CF24B84F87002058BA /* PlayerStatisticsView.swift */,
				DEEFEF7124BC943000C59126 /* ActionsView.swift */,
				DEB7ECBA24C96C1100052669 /* SpendStatPointsView.swift */,
				DE62713524C983F60032F69C /* InventoryView.swift */,
			);
			path = UI;
			sourceTree = "<group>";
		};
		DE63C2CD24B84DD3002058BA /* _App */ = {
			isa = PBXGroup;
			children = (
				DE63C29624B84D27002058BA /* LaunchScreen.storyboard */,
				DE63C28D24B84D24002058BA /* SceneDelegate.swift */,
				DE63C28B24B84D24002058BA /* AppDelegate.swift */,
			);
			path = _App;
			sourceTree = "<group>";
		};
		DEB34CC124CB5139001C3721 /* SFX */ = {
			isa = PBXGroup;
			children = (
			);
			path = SFX;
			sourceTree = "<group>";
		};
		DEBABCD324CE206A0039DC7A /* EventSystem */ = {
			isa = PBXGroup;
			children = (
				DEBABCD424CE20810039DC7A /* EventSystem.swift */,
			);
			path = EventSystem;
			sourceTree = "<group>";
		};
		DEBCA90124C9DBD80080B630 /* Music */ = {
			isa = PBXGroup;
			children = (
				DEBCA90224C9DBE30080B630 /* Roguelike_lv01.m4a */,
			);
			path = Music;
			sourceTree = "<group>";
		};
/* End PBXGroup section */

/* Begin PBXNativeTarget section */
		DE63C28724B84D24002058BA /* Roguelike_iOS */ = {
			isa = PBXNativeTarget;
			buildConfigurationList = DE63C2A724B84D27002058BA /* Build configuration list for PBXNativeTarget "Roguelike_iOS" */;
			buildPhases = (
				DE63C28424B84D24002058BA /* Sources */,
				DE63C28524B84D24002058BA /* Frameworks */,
				DE63C28624B84D24002058BA /* Resources */,
			);
			buildRules = (
			);
			dependencies = (
			);
			name = Roguelike_iOS;
			productName = Roguelike_iOS;
			productReference = DE63C28824B84D24002058BA /* Roguelike_iOS.app */;
			productType = "com.apple.product-type.application";
		};
		DE63C29D24B84D27002058BA /* Roguelike_iOSTests */ = {
			isa = PBXNativeTarget;
			buildConfigurationList = DE63C2AA24B84D27002058BA /* Build configuration list for PBXNativeTarget "Roguelike_iOSTests" */;
			buildPhases = (
				DE63C29A24B84D27002058BA /* Sources */,
				DE63C29B24B84D27002058BA /* Frameworks */,
				DE63C29C24B84D27002058BA /* Resources */,
			);
			buildRules = (
			);
			dependencies = (
				DE63C2A024B84D27002058BA /* PBXTargetDependency */,
			);
			name = Roguelike_iOSTests;
			productName = Roguelike_iOSTests;
			productReference = DE63C29E24B84D27002058BA /* Roguelike_iOSTests.xctest */;
			productType = "com.apple.product-type.bundle.unit-test";
		};
/* End PBXNativeTarget section */

/* Begin PBXProject section */
		DE63C28024B84D24002058BA /* Project object */ = {
			isa = PBXProject;
			attributes = {
				LastSwiftUpdateCheck = 1150;
				LastUpgradeCheck = 1150;
				ORGANIZATIONNAME = thedreamweb;
				TargetAttributes = {
					DE63C28724B84D24002058BA = {
						CreatedOnToolsVersion = 11.5;
					};
					DE63C29D24B84D27002058BA = {
						CreatedOnToolsVersion = 11.5;
						TestTargetID = DE63C28724B84D24002058BA;
					};
				};
			};
			buildConfigurationList = DE63C28324B84D24002058BA /* Build configuration list for PBXProject "Roguelike_iOS" */;
			compatibilityVersion = "Xcode 9.3";
			developmentRegion = en;
			hasScannedForEncodings = 0;
			knownRegions = (
				en,
				Base,
			);
			mainGroup = DE63C27F24B84D24002058BA;
			productRefGroup = DE63C28924B84D24002058BA /* Products */;
			projectDirPath = "";
			projectRoot = "";
			targets = (
				DE63C28724B84D24002058BA /* Roguelike_iOS */,
				DE63C29D24B84D27002058BA /* Roguelike_iOSTests */,
			);
		};
/* End PBXProject section */

/* Begin PBXResourcesBuildPhase section */
		DE63C28624B84D24002058BA /* Resources */ = {
			isa = PBXResourcesBuildPhase;
			buildActionMask = 2147483647;
			files = (
				DE63C29824B84D27002058BA /* LaunchScreen.storyboard in Resources */,
				DE63C29524B84D27002058BA /* Preview Assets.xcassets in Resources */,
				DE63C29224B84D27002058BA /* Assets.xcassets in Resources */,
				DEBCA90324C9DC1B0080B630 /* Roguelike_lv01.m4a in Resources */,
			);
			runOnlyForDeploymentPostprocessing = 0;
		};
		DE63C29C24B84D27002058BA /* Resources */ = {
			isa = PBXResourcesBuildPhase;
			buildActionMask = 2147483647;
			files = (
			);
			runOnlyForDeploymentPostprocessing = 0;
		};
/* End PBXResourcesBuildPhase section */

/* Begin PBXSourcesBuildPhase section */
		DE63C28424B84D24002058BA /* Sources */ = {
			isa = PBXSourcesBuildPhase;
			buildActionMask = 2147483647;
			files = (
				DE5090E524BDD2DD00B02320 /* MoveAction.swift in Sources */,
				DE03AD4B24BA5BD100493335 /* AnyWrapper.swift in Sources */,
				DE2C7C5724BF35B50051225D /* HealthComponent.swift in Sources */,
				DE63C2BB24B84DA7002058BA /* RLEntity.swift in Sources */,
				DE63C2B124B84D9E002058BA /* GameScene.swift in Sources */,
				DE63C2C324B84DAE002058BA /* RLSprites.swift in Sources */,
				DEBABCD224CDCDBA0039DC7A /* ConsumeFromInventoryAction.swift in Sources */,
				DE63C2D024B84F87002058BA /* PlayerStatisticsView.swift in Sources */,
				DE5090E124BDCE3E00B02320 /* Action.swift in Sources */,
				DE63C2AF24B84D96002058BA /* MapController.swift in Sources */,
				DE63C28C24B84D24002058BA /* AppDelegate.swift in Sources */,
				DE6E987A24C5A582006EBFFB /* StatsComponent.swift in Sources */,
				DE03AD4F24BB060D00493335 /* WorldBox.swift in Sources */,
				DEEFEF6E24BB26F400C59126 /* SpriteUIHandler.swift in Sources */,
				DE63C2CC24B84DBC002058BA /* ContentView.swift in Sources */,
				DEBABCD524CE20810039DC7A /* EventSystem.swift in Sources */,
				DE70122724BDF88D002F7481 /* WaitAction.swift in Sources */,
				DE2C7C5524BF349E0051225D /* AttackAction.swift in Sources */,
				DEEFEF7224BC943000C59126 /* ActionsView.swift in Sources */,
				DE63C28E24B84D24002058BA /* SceneDelegate.swift in Sources */,
				DEEFEF7024BB9BC400C59126 /* AttackComponent.swift in Sources */,
				DE6E988024C83C0A006EBFFB /* SpendStatPointAction.swift in Sources */,
				DE63C2CB24B84DBC002058BA /* ConsoleWindowView.swift in Sources */,
				DE63C2C024B84DA7002058BA /* World.swift in Sources */,
				DE63C2CA24B84DBC002058BA /* SpriteKitView.swift in Sources */,
				DE63C2C124B84DA7002058BA /* Coord.swift in Sources */,
				DE63C2C924B84DBC002058BA /* Constants.swift in Sources */,
				DE6E987624C47B98006EBFFB /* LensController.swift in Sources */,
				DE6E984E24C2D65A006EBFFB /* FXController.swift in Sources */,
				DEB34CC724CCA702001C3721 /* ConsumableEffectComponent.swift in Sources */,
				DEB34CC524CC71B3001C3721 /* Item.swift in Sources */,
				DEB34CC324CC7189001C3721 /* InventoryComponent.swift in Sources */,
				DEBABCD024CD817E0039DC7A /* PickupItemAction.swift in Sources */,
				DEB7ECBB24C96C1100052669 /* SpendStatPointsView.swift in Sources */,
				DE63C2BF24B84DA7002058BA /* WorldBuilder.swift in Sources */,
				DE03AD5224BB0FDF00493335 /* SKNode+UserDataUtils.swift in Sources */,
				DE62713624C983F60032F69C /* InventoryView.swift in Sources */,
				DE5090E324BDD04600B02320 /* ActionComponent.swift in Sources */,
				DE63C2BD24B84DA7002058BA /* VisibilityComponent.swift in Sources */,
			);
			runOnlyForDeploymentPostprocessing = 0;
		};
		DE63C29A24B84D27002058BA /* Sources */ = {
			isa = PBXSourcesBuildPhase;
			buildActionMask = 2147483647;
			files = (
				DEB34CC924CCCA1D001C3721 /* AnyWrapperTests.swift in Sources */,
				DE6E987C24C781E7006EBFFB /* ComponentTests.swift in Sources */,
				DE63C2A324B84D27002058BA /* Roguelike_iOSTests.swift in Sources */,
				DE6E987E24C78372006EBFFB /* WorldTests.swift in Sources */,
				DE6E987824C4D878006EBFFB /* ActionTests.swift in Sources */,
			);
			runOnlyForDeploymentPostprocessing = 0;
		};
/* End PBXSourcesBuildPhase section */

/* Begin PBXTargetDependency section */
		DE63C2A024B84D27002058BA /* PBXTargetDependency */ = {
			isa = PBXTargetDependency;
			target = DE63C28724B84D24002058BA /* Roguelike_iOS */;
			targetProxy = DE63C29F24B84D27002058BA /* PBXContainerItemProxy */;
		};
/* End PBXTargetDependency section */

/* Begin PBXVariantGroup section */
		DE63C29624B84D27002058BA /* LaunchScreen.storyboard */ = {
			isa = PBXVariantGroup;
			children = (
				DE63C29724B84D27002058BA /* Base */,
			);
			name = LaunchScreen.storyboard;
			sourceTree = "<group>";
		};
/* End PBXVariantGroup section */

/* Begin XCBuildConfiguration section */
		DE63C2A524B84D27002058BA /* Debug */ = {
			isa = XCBuildConfiguration;
			buildSettings = {
				ALWAYS_SEARCH_USER_PATHS = NO;
				CLANG_ANALYZER_NONNULL = YES;
				CLANG_ANALYZER_NUMBER_OBJECT_CONVERSION = YES_AGGRESSIVE;
				CLANG_CXX_LANGUAGE_STANDARD = "gnu++14";
				CLANG_CXX_LIBRARY = "libc++";
				CLANG_ENABLE_MODULES = YES;
				CLANG_ENABLE_OBJC_ARC = YES;
				CLANG_ENABLE_OBJC_WEAK = YES;
				CLANG_WARN_BLOCK_CAPTURE_AUTORELEASING = YES;
				CLANG_WARN_BOOL_CONVERSION = YES;
				CLANG_WARN_COMMA = YES;
				CLANG_WARN_CONSTANT_CONVERSION = YES;
				CLANG_WARN_DEPRECATED_OBJC_IMPLEMENTATIONS = YES;
				CLANG_WARN_DIRECT_OBJC_ISA_USAGE = YES_ERROR;
				CLANG_WARN_DOCUMENTATION_COMMENTS = YES;
				CLANG_WARN_EMPTY_BODY = YES;
				CLANG_WARN_ENUM_CONVERSION = YES;
				CLANG_WARN_INFINITE_RECURSION = YES;
				CLANG_WARN_INT_CONVERSION = YES;
				CLANG_WARN_NON_LITERAL_NULL_CONVERSION = YES;
				CLANG_WARN_OBJC_IMPLICIT_RETAIN_SELF = YES;
				CLANG_WARN_OBJC_LITERAL_CONVERSION = YES;
				CLANG_WARN_OBJC_ROOT_CLASS = YES_ERROR;
				CLANG_WARN_RANGE_LOOP_ANALYSIS = YES;
				CLANG_WARN_STRICT_PROTOTYPES = YES;
				CLANG_WARN_SUSPICIOUS_MOVE = YES;
				CLANG_WARN_UNGUARDED_AVAILABILITY = YES_AGGRESSIVE;
				CLANG_WARN_UNREACHABLE_CODE = YES;
				CLANG_WARN__DUPLICATE_METHOD_MATCH = YES;
				COPY_PHASE_STRIP = NO;
				DEBUG_INFORMATION_FORMAT = dwarf;
				ENABLE_STRICT_OBJC_MSGSEND = YES;
				ENABLE_TESTABILITY = YES;
				GCC_C_LANGUAGE_STANDARD = gnu11;
				GCC_DYNAMIC_NO_PIC = NO;
				GCC_NO_COMMON_BLOCKS = YES;
				GCC_OPTIMIZATION_LEVEL = 0;
				GCC_PREPROCESSOR_DEFINITIONS = (
					"DEBUG=1",
					"$(inherited)",
				);
				GCC_WARN_64_TO_32_BIT_CONVERSION = YES;
				GCC_WARN_ABOUT_RETURN_TYPE = YES_ERROR;
				GCC_WARN_UNDECLARED_SELECTOR = YES;
				GCC_WARN_UNINITIALIZED_AUTOS = YES_AGGRESSIVE;
				GCC_WARN_UNUSED_FUNCTION = YES;
				GCC_WARN_UNUSED_VARIABLE = YES;
				IPHONEOS_DEPLOYMENT_TARGET = 13.5;
				MTL_ENABLE_DEBUG_INFO = INCLUDE_SOURCE;
				MTL_FAST_MATH = YES;
				ONLY_ACTIVE_ARCH = YES;
				SDKROOT = iphoneos;
				SWIFT_ACTIVE_COMPILATION_CONDITIONS = DEBUG;
				SWIFT_OPTIMIZATION_LEVEL = "-Onone";
			};
			name = Debug;
		};
		DE63C2A624B84D27002058BA /* Release */ = {
			isa = XCBuildConfiguration;
			buildSettings = {
				ALWAYS_SEARCH_USER_PATHS = NO;
				CLANG_ANALYZER_NONNULL = YES;
				CLANG_ANALYZER_NUMBER_OBJECT_CONVERSION = YES_AGGRESSIVE;
				CLANG_CXX_LANGUAGE_STANDARD = "gnu++14";
				CLANG_CXX_LIBRARY = "libc++";
				CLANG_ENABLE_MODULES = YES;
				CLANG_ENABLE_OBJC_ARC = YES;
				CLANG_ENABLE_OBJC_WEAK = YES;
				CLANG_WARN_BLOCK_CAPTURE_AUTORELEASING = YES;
				CLANG_WARN_BOOL_CONVERSION = YES;
				CLANG_WARN_COMMA = YES;
				CLANG_WARN_CONSTANT_CONVERSION = YES;
				CLANG_WARN_DEPRECATED_OBJC_IMPLEMENTATIONS = YES;
				CLANG_WARN_DIRECT_OBJC_ISA_USAGE = YES_ERROR;
				CLANG_WARN_DOCUMENTATION_COMMENTS = YES;
				CLANG_WARN_EMPTY_BODY = YES;
				CLANG_WARN_ENUM_CONVERSION = YES;
				CLANG_WARN_INFINITE_RECURSION = YES;
				CLANG_WARN_INT_CONVERSION = YES;
				CLANG_WARN_NON_LITERAL_NULL_CONVERSION = YES;
				CLANG_WARN_OBJC_IMPLICIT_RETAIN_SELF = YES;
				CLANG_WARN_OBJC_LITERAL_CONVERSION = YES;
				CLANG_WARN_OBJC_ROOT_CLASS = YES_ERROR;
				CLANG_WARN_RANGE_LOOP_ANALYSIS = YES;
				CLANG_WARN_STRICT_PROTOTYPES = YES;
				CLANG_WARN_SUSPICIOUS_MOVE = YES;
				CLANG_WARN_UNGUARDED_AVAILABILITY = YES_AGGRESSIVE;
				CLANG_WARN_UNREACHABLE_CODE = YES;
				CLANG_WARN__DUPLICATE_METHOD_MATCH = YES;
				COPY_PHASE_STRIP = NO;
				DEBUG_INFORMATION_FORMAT = "dwarf-with-dsym";
				ENABLE_NS_ASSERTIONS = NO;
				ENABLE_STRICT_OBJC_MSGSEND = YES;
				GCC_C_LANGUAGE_STANDARD = gnu11;
				GCC_NO_COMMON_BLOCKS = YES;
				GCC_WARN_64_TO_32_BIT_CONVERSION = YES;
				GCC_WARN_ABOUT_RETURN_TYPE = YES_ERROR;
				GCC_WARN_UNDECLARED_SELECTOR = YES;
				GCC_WARN_UNINITIALIZED_AUTOS = YES_AGGRESSIVE;
				GCC_WARN_UNUSED_FUNCTION = YES;
				GCC_WARN_UNUSED_VARIABLE = YES;
				IPHONEOS_DEPLOYMENT_TARGET = 13.5;
				MTL_ENABLE_DEBUG_INFO = NO;
				MTL_FAST_MATH = YES;
				SDKROOT = iphoneos;
				SWIFT_COMPILATION_MODE = wholemodule;
				SWIFT_OPTIMIZATION_LEVEL = "-O";
				VALIDATE_PRODUCT = YES;
			};
			name = Release;
		};
		DE63C2A824B84D27002058BA /* Debug */ = {
			isa = XCBuildConfiguration;
			buildSettings = {
				ASSETCATALOG_COMPILER_APPICON_NAME = AppIcon;
				CODE_SIGN_IDENTITY = "Apple Development";
				CODE_SIGN_STYLE = Automatic;
				DEVELOPMENT_ASSET_PATHS = "\"Roguelike_iOS/Preview Content\"";
				DEVELOPMENT_TEAM = ZXW8GTM6FG;
				ENABLE_PREVIEWS = YES;
				INFOPLIST_FILE = Roguelike_iOS/Info.plist;
				LD_RUNPATH_SEARCH_PATHS = (
					"$(inherited)",
					"@executable_path/Frameworks",
				);
				PRODUCT_BUNDLE_IDENTIFIER = "eu.thedreamweb.Roguelike-iOS";
				PRODUCT_NAME = "$(TARGET_NAME)";
				PROVISIONING_PROFILE_SPECIFIER = "";
				SWIFT_VERSION = 5.0;
				TARGETED_DEVICE_FAMILY = "1,2";
			};
			name = Debug;
		};
		DE63C2A924B84D27002058BA /* Release */ = {
			isa = XCBuildConfiguration;
			buildSettings = {
				ASSETCATALOG_COMPILER_APPICON_NAME = AppIcon;
				CODE_SIGN_IDENTITY = "Apple Development";
				CODE_SIGN_STYLE = Automatic;
				DEVELOPMENT_ASSET_PATHS = "\"Roguelike_iOS/Preview Content\"";
				DEVELOPMENT_TEAM = ZXW8GTM6FG;
				ENABLE_PREVIEWS = YES;
				INFOPLIST_FILE = Roguelike_iOS/Info.plist;
				LD_RUNPATH_SEARCH_PATHS = (
					"$(inherited)",
					"@executable_path/Frameworks",
				);
				PRODUCT_BUNDLE_IDENTIFIER = "eu.thedreamweb.Roguelike-iOS";
				PRODUCT_NAME = "$(TARGET_NAME)";
				PROVISIONING_PROFILE_SPECIFIER = "";
				SWIFT_VERSION = 5.0;
				TARGETED_DEVICE_FAMILY = "1,2";
			};
			name = Release;
		};
		DE63C2AB24B84D27002058BA /* Debug */ = {
			isa = XCBuildConfiguration;
			buildSettings = {
				ALWAYS_EMBED_SWIFT_STANDARD_LIBRARIES = YES;
				BUNDLE_LOADER = "$(TEST_HOST)";
				CODE_SIGN_STYLE = Automatic;
				DEVELOPMENT_TEAM = ZXW8GTM6FG;
				INFOPLIST_FILE = Roguelike_iOSTests/Info.plist;
				IPHONEOS_DEPLOYMENT_TARGET = 13.5;
				LD_RUNPATH_SEARCH_PATHS = (
					"$(inherited)",
					"@executable_path/Frameworks",
					"@loader_path/Frameworks",
				);
				PRODUCT_BUNDLE_IDENTIFIER = "eu.thedreamweb.Roguelike-iOSTests";
				PRODUCT_NAME = "$(TARGET_NAME)";
				SWIFT_VERSION = 5.0;
				TARGETED_DEVICE_FAMILY = "1,2";
				TEST_HOST = "$(BUILT_PRODUCTS_DIR)/Roguelike_iOS.app/Roguelike_iOS";
			};
			name = Debug;
		};
		DE63C2AC24B84D27002058BA /* Release */ = {
			isa = XCBuildConfiguration;
			buildSettings = {
				ALWAYS_EMBED_SWIFT_STANDARD_LIBRARIES = YES;
				BUNDLE_LOADER = "$(TEST_HOST)";
				CODE_SIGN_STYLE = Automatic;
				DEVELOPMENT_TEAM = ZXW8GTM6FG;
				INFOPLIST_FILE = Roguelike_iOSTests/Info.plist;
				IPHONEOS_DEPLOYMENT_TARGET = 13.5;
				LD_RUNPATH_SEARCH_PATHS = (
					"$(inherited)",
					"@executable_path/Frameworks",
					"@loader_path/Frameworks",
				);
				PRODUCT_BUNDLE_IDENTIFIER = "eu.thedreamweb.Roguelike-iOSTests";
				PRODUCT_NAME = "$(TARGET_NAME)";
				SWIFT_VERSION = 5.0;
				TARGETED_DEVICE_FAMILY = "1,2";
				TEST_HOST = "$(BUILT_PRODUCTS_DIR)/Roguelike_iOS.app/Roguelike_iOS";
			};
			name = Release;
		};
/* End XCBuildConfiguration section */

/* Begin XCConfigurationList section */
		DE63C28324B84D24002058BA /* Build configuration list for PBXProject "Roguelike_iOS" */ = {
			isa = XCConfigurationList;
			buildConfigurations = (
				DE63C2A524B84D27002058BA /* Debug */,
				DE63C2A624B84D27002058BA /* Release */,
			);
			defaultConfigurationIsVisible = 0;
			defaultConfigurationName = Release;
		};
		DE63C2A724B84D27002058BA /* Build configuration list for PBXNativeTarget "Roguelike_iOS" */ = {
			isa = XCConfigurationList;
			buildConfigurations = (
				DE63C2A824B84D27002058BA /* Debug */,
				DE63C2A924B84D27002058BA /* Release */,
			);
			defaultConfigurationIsVisible = 0;
			defaultConfigurationName = Release;
		};
		DE63C2AA24B84D27002058BA /* Build configuration list for PBXNativeTarget "Roguelike_iOSTests" */ = {
			isa = XCConfigurationList;
			buildConfigurations = (
				DE63C2AB24B84D27002058BA /* Debug */,
				DE63C2AC24B84D27002058BA /* Release */,
			);
			defaultConfigurationIsVisible = 0;
			defaultConfigurationName = Release;
		};
/* End XCConfigurationList section */
	};
	rootObject = DE63C28024B84D24002058BA /* Project object */;
}
